
Microsoft Visual Studio Solution File, Format Version 12.00
# Visual Studio Version 17
VisualStudioVersion = 17.7.34031.279
MinimumVisualStudioVersion = 10.0.40219.1
Project("{9A19103F-16F7-4668-BE54-9A1E7A4F7556}") = "ShopProject.WebApi", "ShopProject\ShopProject.WebApi.csproj", "{43EC3AB8-2BC3-4F7B-8CAF-D4D6A7214226}"
EndProject
Project("{9A19103F-16F7-4668-BE54-9A1E7A4F7556}") = "ShopProject.Converters", "ShopProject.Converters\ShopProject.Converters.csproj", "{AC446421-6780-4391-A4C8-E956146FC6EC}"
EndProject
Project("{9A19103F-16F7-4668-BE54-9A1E7A4F7556}") = "ShopProject.Dtos", "ShopProject.Dtos\ShopProject.Dtos.csproj", "{63FD537C-AF87-422D-A459-2D271A3BA76E}"
EndProject
Project("{9A19103F-16F7-4668-BE54-9A1E7A4F7556}") = "ShopProject.DBModels", "ShopProject.DBModels\ShopProject.DBModels.csproj", "{E275597F-21C7-40A5-AB74-ACD6092EB165}"
EndProject
Project("{FAE04EC0-301F-11D3-BF4B-00C04F79EFBC}") = "ShopProject.EF", "ShopProject.EF\ShopProject.EF.csproj", "{0E87E42F-7EEE-49E1-B475-31EC4664B7AE}"
EndProject
Project("{FAE04EC0-301F-11D3-BF4B-00C04F79EFBC}") = "ShopProject.Repositories", "ShopProject.Repositories\ShopProject.Repositories.csproj", "{862BD56F-DEA8-4CD0-A390-5CC7EF47236B}"
EndProject
Global
	GlobalSection(SolutionConfigurationPlatforms) = preSolution
		Debug|Any CPU = Debug|Any CPU
		Release|Any CPU = Release|Any CPU
	EndGlobalSection
	GlobalSection(ProjectConfigurationPlatforms) = postSolution
		{43EC3AB8-2BC3-4F7B-8CAF-D4D6A7214226}.Debug|Any CPU.ActiveCfg = Debug|Any CPU
		{43EC3AB8-2BC3-4F7B-8CAF-D4D6A7214226}.Debug|Any CPU.Build.0 = Debug|Any CPU
		{43EC3AB8-2BC3-4F7B-8CAF-D4D6A7214226}.Release|Any CPU.ActiveCfg = Release|Any CPU
		{43EC3AB8-2BC3-4F7B-8CAF-D4D6A7214226}.Release|Any CPU.Build.0 = Release|Any CPU
		{AC446421-6780-4391-A4C8-E956146FC6EC}.Debug|Any CPU.ActiveCfg = Debug|Any CPU
		{AC446421-6780-4391-A4C8-E956146FC6EC}.Debug|Any CPU.Build.0 = Debug|Any CPU
		{AC446421-6780-4391-A4C8-E956146FC6EC}.Release|Any CPU.ActiveCfg = Release|Any CPU
		{AC446421-6780-4391-A4C8-E956146FC6EC}.Release|Any CPU.Build.0 = Release|Any CPU
		{63FD537C-AF87-422D-A459-2D271A3BA76E}.Debug|Any CPU.ActiveCfg = Debug|Any CPU
		{63FD537C-AF87-422D-A459-2D271A3BA76E}.Debug|Any CPU.Build.0 = Debug|Any CPU
		{63FD537C-AF87-422D-A459-2D271A3BA76E}.Release|Any CPU.ActiveCfg = Release|Any CPU
		{63FD537C-AF87-422D-A459-2D271A3BA76E}.Release|Any CPU.Build.0 = Release|Any CPU
		{E275597F-21C7-40A5-AB74-ACD6092EB165}.Debug|Any CPU.ActiveCfg = Debug|Any CPU
		{E275597F-21C7-40A5-AB74-ACD6092EB165}.Debug|Any CPU.Build.0 = Debug|Any CPU
		{E275597F-21C7-40A5-AB74-ACD6092EB165}.Release|Any CPU.ActiveCfg = Release|Any CPU
		{E275597F-21C7-40A5-AB74-ACD6092EB165}.Release|Any CPU.Build.0 = Release|Any CPU
		{0E87E42F-7EEE-49E1-B475-31EC4664B7AE}.Debug|Any CPU.ActiveCfg = Debug|Any CPU
		{0E87E42F-7EEE-49E1-B475-31EC4664B7AE}.Debug|Any CPU.Build.0 = Debug|Any CPU
		{0E87E42F-7EEE-49E1-B475-31EC4664B7AE}.Release|Any CPU.ActiveCfg = Release|Any CPU
		{0E87E42F-7EEE-49E1-B475-31EC4664B7AE}.Release|Any CPU.Build.0 = Release|Any CPU
		{862BD56F-DEA8-4CD0-A390-5CC7EF47236B}.Debug|Any CPU.ActiveCfg = Debug|Any CPU
		{862BD56F-DEA8-4CD0-A390-5CC7EF47236B}.Debug|Any CPU.Build.0 = Debug|Any CPU
		{862BD56F-DEA8-4CD0-A390-5CC7EF47236B}.Release|Any CPU.ActiveCfg = Release|Any CPU
		{862BD56F-DEA8-4CD0-A390-5CC7EF47236B}.Release|Any CPU.Build.0 = Release|Any CPU
	EndGlobalSection
	GlobalSection(SolutionProperties) = preSolution
		HideSolutionNode = FALSE
	EndGlobalSection
	GlobalSection(ExtensibilityGlobals) = postSolution
		SolutionGuid = {CFEF144F-D9C4-4ACC-B9AC-C92F09931E80}
	EndGlobalSection
EndGlobal
